
Microsoft Visual Studio Solution File, Format Version 12.00
Project("{FAE04EC0-301F-11D3-BF4B-00C04F79EFBC}") = "Plinten", "Plinten\Plinten.csproj", "{2DE73086-7F6A-4C22-92FE-3F7B684A225D}"
EndProject
Global
	GlobalSection(SolutionConfigurationPlatforms) = preSolution
		Debug|Any CPU = Debug|Any CPU
		Release|Any CPU = Release|Any CPU
	EndGlobalSection
	GlobalSection(ProjectConfigurationPlatforms) = postSolution
		{2DE73086-7F6A-4C22-92FE-3F7B684A225D}.Debug|Any CPU.ActiveCfg = Debug|Any CPU
		{2DE73086-7F6A-4C22-92FE-3F7B684A225D}.Debug|Any CPU.Build.0 = Debug|Any CPU
		{2DE73086-7F6A-4C22-92FE-3F7B684A225D}.Release|Any CPU.ActiveCfg = Release|Any CPU
		{2DE73086-7F6A-4C22-92FE-3F7B684A225D}.Release|Any CPU.Build.0 = Release|Any CPU
	EndGlobalSection
EndGlobal
